
Microsoft Visual Studio Solution File, Format Version 12.00
# Visual Studio 15
VisualStudioVersion = 15.0.28010.2036
MinimumVisualStudioVersion = 10.0.40219.1
Project("{2150E333-8FDC-42A3-9474-1A3956D46DE8}") = "0 - Presentation", "0 - Presentation", "{42A7FB07-E2DF-4D56-A537-10F26C472CC2}"
EndProject
Project("{2150E333-8FDC-42A3-9474-1A3956D46DE8}") = "2 - Application", "2 - Application", "{996AF05B-0AB4-467D-8B6E-5D2C2192B8A0}"
EndProject
Project("{2150E333-8FDC-42A3-9474-1A3956D46DE8}") = "1 - Service", "1 - Service", "{D5B9033A-A4BE-4E32-AE64-2A28CD81A76D}"
EndProject
Project("{2150E333-8FDC-42A3-9474-1A3956D46DE8}") = "3 - Domain", "3 - Domain", "{007F9096-89EC-41DB-9286-24D5DDD37EBA}"
EndProject
Project("{2150E333-8FDC-42A3-9474-1A3956D46DE8}") = "4 - Infra", "4 - Infra", "{D6F543CB-434B-4F34-9F24-87B864CF9747}"
EndProject
Project("{FAE04EC0-301F-11D3-BF4B-00C04F79EFBC}") = "Study.UnitTest.Domain", "Study.UnitTest.Domain\Study.UnitTest.Domain.csproj", "{EEFCDECD-0544-455D-AAA9-9E4FD5858565}"
EndProject
Project("{FAE04EC0-301F-11D3-BF4B-00C04F79EFBC}") = "Study.UnitTest.Domain.XUnitTest", "Study.UnitTest.Domain.XUnitTest\Study.UnitTest.Domain.XUnitTest.csproj", "{8BD8164B-842E-46FE-88ED-F0CC65768C07}"
EndProject
Global
	GlobalSection(SolutionConfigurationPlatforms) = preSolution
		Debug|Any CPU = Debug|Any CPU
		Release|Any CPU = Release|Any CPU
	EndGlobalSection
	GlobalSection(ProjectConfigurationPlatforms) = postSolution
		{EEFCDECD-0544-455D-AAA9-9E4FD5858565}.Debug|Any CPU.ActiveCfg = Debug|Any CPU
		{EEFCDECD-0544-455D-AAA9-9E4FD5858565}.Debug|Any CPU.Build.0 = Debug|Any CPU
		{EEFCDECD-0544-455D-AAA9-9E4FD5858565}.Release|Any CPU.ActiveCfg = Release|Any CPU
		{EEFCDECD-0544-455D-AAA9-9E4FD5858565}.Release|Any CPU.Build.0 = Release|Any CPU
		{8BD8164B-842E-46FE-88ED-F0CC65768C07}.Debug|Any CPU.ActiveCfg = Debug|Any CPU
		{8BD8164B-842E-46FE-88ED-F0CC65768C07}.Debug|Any CPU.Build.0 = Debug|Any CPU
		{8BD8164B-842E-46FE-88ED-F0CC65768C07}.Release|Any CPU.ActiveCfg = Release|Any CPU
		{8BD8164B-842E-46FE-88ED-F0CC65768C07}.Release|Any CPU.Build.0 = Release|Any CPU
	EndGlobalSection
	GlobalSection(SolutionProperties) = preSolution
		HideSolutionNode = FALSE
	EndGlobalSection
	GlobalSection(NestedProjects) = preSolution
		{EEFCDECD-0544-455D-AAA9-9E4FD5858565} = {007F9096-89EC-41DB-9286-24D5DDD37EBA}
		{8BD8164B-842E-46FE-88ED-F0CC65768C07} = {007F9096-89EC-41DB-9286-24D5DDD37EBA}
	EndGlobalSection
	GlobalSection(ExtensibilityGlobals) = postSolution
		SolutionGuid = {94D1BD75-6210-437E-BCAA-91C3DAF6FCD6}
	EndGlobalSection
EndGlobal
